
Microsoft Visual Studio Solution File, Format Version 12.00
# Visual Studio Version 17
VisualStudioVersion = 17.6.33617.297
MinimumVisualStudioVersion = 10.0.40219.1
Project("{FAE04EC0-301F-11D3-BF4B-00C04F79EFBC}") = "TeaTimeDemo", "TeaTimeDemo\TeaTimeDemo.csproj", "{4B36E107-6E37-471F-B817-220091BD0404}"
EndProject
Global
	GlobalSection(SolutionConfigurationPlatforms) = preSolution
		Debug|Any CPU = Debug|Any CPU
		Release|Any CPU = Release|Any CPU
	EndGlobalSection
	GlobalSection(ProjectConfigurationPlatforms) = postSolution
		{4B36E107-6E37-471F-B817-220091BD0404}.Debug|Any CPU.ActiveCfg = Debug|Any CPU
		{4B36E107-6E37-471F-B817-220091BD0404}.Debug|Any CPU.Build.0 = Debug|Any CPU
		{4B36E107-6E37-471F-B817-220091BD0404}.Release|Any CPU.ActiveCfg = Release|Any CPU
		{4B36E107-6E37-471F-B817-220091BD0404}.Release|Any CPU.Build.0 = Release|Any CPU
	EndGlobalSection
	GlobalSection(SolutionProperties) = preSolution
		HideSolutionNode = FALSE
	EndGlobalSection
	GlobalSection(ExtensibilityGlobals) = postSolution
		SolutionGuid = {7D4641A9-5980-4062-A20D-76B559B9B3A9}
	EndGlobalSection
EndGlobal
